
Microsoft Visual Studio Solution File, Format Version 12.00
# Visual Studio Version 17
VisualStudioVersion = 17.7.34221.43
MinimumVisualStudioVersion = 10.0.40219.1
Project("{9A19103F-16F7-4668-BE54-9A1E7A4F7556}") = "BuberDinner.Api", "BuberDinner.Api\BuberDinner.Api.csproj", "{4CD88F26-6FB1-4710-ABE4-8C999CF94C59}"
EndProject
Project("{9A19103F-16F7-4668-BE54-9A1E7A4F7556}") = "BuberDinner.Contracts", "BuberDinner.Contracts\BuberDinner.Contracts.csproj", "{3D7503C3-F213-4508-A82C-A591B76E57FB}"
EndProject
Project("{9A19103F-16F7-4668-BE54-9A1E7A4F7556}") = "BuberDinner.Infrastructure", "BuberDinner.Infrastructure\BuberDinner.Infrastructure.csproj", "{E6A0B0FB-9F0D-4681-88F1-6C7A9389AA92}"
EndProject
Project("{9A19103F-16F7-4668-BE54-9A1E7A4F7556}") = "BuberDinner.Application", "BuberDinner.Application\BuberDinner.Application.csproj", "{7AD27EEF-7E53-47B3-8123-802B154BD953}"
EndProject
Project("{FAE04EC0-301F-11D3-BF4B-00C04F79EFBC}") = "BuberDinner.Domain", "BuberDinner.Domain\BuberDinner.Domain.csproj", "{6836D666-91B7-401D-9BF5-D58BC77EFEE6}"
EndProject
Global
	GlobalSection(SolutionConfigurationPlatforms) = preSolution
		Debug|Any CPU = Debug|Any CPU
		Release|Any CPU = Release|Any CPU
	EndGlobalSection
	GlobalSection(ProjectConfigurationPlatforms) = postSolution
		{4CD88F26-6FB1-4710-ABE4-8C999CF94C59}.Debug|Any CPU.ActiveCfg = Debug|Any CPU
		{4CD88F26-6FB1-4710-ABE4-8C999CF94C59}.Debug|Any CPU.Build.0 = Debug|Any CPU
		{4CD88F26-6FB1-4710-ABE4-8C999CF94C59}.Release|Any CPU.ActiveCfg = Release|Any CPU
		{4CD88F26-6FB1-4710-ABE4-8C999CF94C59}.Release|Any CPU.Build.0 = Release|Any CPU
		{3D7503C3-F213-4508-A82C-A591B76E57FB}.Debug|Any CPU.ActiveCfg = Debug|Any CPU
		{3D7503C3-F213-4508-A82C-A591B76E57FB}.Debug|Any CPU.Build.0 = Debug|Any CPU
		{3D7503C3-F213-4508-A82C-A591B76E57FB}.Release|Any CPU.ActiveCfg = Release|Any CPU
		{3D7503C3-F213-4508-A82C-A591B76E57FB}.Release|Any CPU.Build.0 = Release|Any CPU
		{E6A0B0FB-9F0D-4681-88F1-6C7A9389AA92}.Debug|Any CPU.ActiveCfg = Debug|Any CPU
		{E6A0B0FB-9F0D-4681-88F1-6C7A9389AA92}.Debug|Any CPU.Build.0 = Debug|Any CPU
		{E6A0B0FB-9F0D-4681-88F1-6C7A9389AA92}.Release|Any CPU.ActiveCfg = Release|Any CPU
		{E6A0B0FB-9F0D-4681-88F1-6C7A9389AA92}.Release|Any CPU.Build.0 = Release|Any CPU
		{7AD27EEF-7E53-47B3-8123-802B154BD953}.Debug|Any CPU.ActiveCfg = Debug|Any CPU
		{7AD27EEF-7E53-47B3-8123-802B154BD953}.Debug|Any CPU.Build.0 = Debug|Any CPU
		{7AD27EEF-7E53-47B3-8123-802B154BD953}.Release|Any CPU.ActiveCfg = Release|Any CPU
		{7AD27EEF-7E53-47B3-8123-802B154BD953}.Release|Any CPU.Build.0 = Release|Any CPU
		{6836D666-91B7-401D-9BF5-D58BC77EFEE6}.Debug|Any CPU.ActiveCfg = Debug|Any CPU
		{6836D666-91B7-401D-9BF5-D58BC77EFEE6}.Debug|Any CPU.Build.0 = Debug|Any CPU
		{6836D666-91B7-401D-9BF5-D58BC77EFEE6}.Release|Any CPU.ActiveCfg = Release|Any CPU
		{6836D666-91B7-401D-9BF5-D58BC77EFEE6}.Release|Any CPU.Build.0 = Release|Any CPU
	EndGlobalSection
	GlobalSection(SolutionProperties) = preSolution
		HideSolutionNode = FALSE
	EndGlobalSection
	GlobalSection(ExtensibilityGlobals) = postSolution
		SolutionGuid = {502DED3A-D91B-478B-9A40-C38A16F8ACC4}
	EndGlobalSection
EndGlobal
